
Microsoft Visual Studio Solution File, Format Version 12.00
# Visual Studio Version 17
VisualStudioVersion = 17.9.34622.214
MinimumVisualStudioVersion = 10.0.40219.1
Project("{9A19103F-16F7-4668-BE54-9A1E7A4F7556}") = "Progetto.App", "Progetto.App\Progetto.App.csproj", "{1A365069-3035-495C-8ADD-9BC81C46E1D0}"
EndProject
Project("{9A19103F-16F7-4668-BE54-9A1E7A4F7556}") = "Progetto.App.Core", "Progetto.App.Core\Progetto.App.Core.csproj", "{FC7CB41F-DC07-4F87-A8FB-55483AF08540}"
EndProject
Project("{9A19103F-16F7-4668-BE54-9A1E7A4F7556}") = "PayPal.REST", "PayPal.REST\PayPal.REST.csproj", "{383EC78B-262F-44AC-83E1-62F4A9C3B0A6}"
EndProject
Project("{FAE04EC0-301F-11D3-BF4B-00C04F79EFBC}") = "CamSimulator", "CamSimulator\CamSimulator.csproj", "{CAEA18D4-1E2B-4BF3-A36D-7530DEA994BE}"
EndProject
Global
	GlobalSection(SolutionConfigurationPlatforms) = preSolution
		Debug|Any CPU = Debug|Any CPU
		Release|Any CPU = Release|Any CPU
	EndGlobalSection
	GlobalSection(ProjectConfigurationPlatforms) = postSolution
		{1A365069-3035-495C-8ADD-9BC81C46E1D0}.Debug|Any CPU.ActiveCfg = Debug|Any CPU
		{1A365069-3035-495C-8ADD-9BC81C46E1D0}.Debug|Any CPU.Build.0 = Debug|Any CPU
		{1A365069-3035-495C-8ADD-9BC81C46E1D0}.Release|Any CPU.ActiveCfg = Release|Any CPU
		{1A365069-3035-495C-8ADD-9BC81C46E1D0}.Release|Any CPU.Build.0 = Release|Any CPU
		{FC7CB41F-DC07-4F87-A8FB-55483AF08540}.Debug|Any CPU.ActiveCfg = Debug|Any CPU
		{FC7CB41F-DC07-4F87-A8FB-55483AF08540}.Debug|Any CPU.Build.0 = Debug|Any CPU
		{FC7CB41F-DC07-4F87-A8FB-55483AF08540}.Release|Any CPU.ActiveCfg = Release|Any CPU
		{FC7CB41F-DC07-4F87-A8FB-55483AF08540}.Release|Any CPU.Build.0 = Release|Any CPU
		{383EC78B-262F-44AC-83E1-62F4A9C3B0A6}.Debug|Any CPU.ActiveCfg = Debug|Any CPU
		{383EC78B-262F-44AC-83E1-62F4A9C3B0A6}.Debug|Any CPU.Build.0 = Debug|Any CPU
		{383EC78B-262F-44AC-83E1-62F4A9C3B0A6}.Release|Any CPU.ActiveCfg = Release|Any CPU
		{383EC78B-262F-44AC-83E1-62F4A9C3B0A6}.Release|Any CPU.Build.0 = Release|Any CPU
		{CAEA18D4-1E2B-4BF3-A36D-7530DEA994BE}.Debug|Any CPU.ActiveCfg = Debug|Any CPU
		{CAEA18D4-1E2B-4BF3-A36D-7530DEA994BE}.Debug|Any CPU.Build.0 = Debug|Any CPU
		{CAEA18D4-1E2B-4BF3-A36D-7530DEA994BE}.Release|Any CPU.ActiveCfg = Release|Any CPU
		{CAEA18D4-1E2B-4BF3-A36D-7530DEA994BE}.Release|Any CPU.Build.0 = Release|Any CPU
	EndGlobalSection
	GlobalSection(SolutionProperties) = preSolution
		HideSolutionNode = FALSE
	EndGlobalSection
	GlobalSection(ExtensibilityGlobals) = postSolution
		SolutionGuid = {8C96A704-10AD-4E3F-AFC9-536D9CD1965E}
	EndGlobalSection
EndGlobal
